
Microsoft Visual Studio Solution File, Format Version 12.00
# Visual Studio 15
VisualStudioVersion = 15.0.28307.271
MinimumVisualStudioVersion = 10.0.40219.1
Project("{FAE04EC0-301F-11D3-BF4B-00C04F79EFBC}") = "WindowsFormsApp7", "WindowsFormsApp7\WindowsFormsApp7.csproj", "{4DBD6148-8530-4408-9BC7-EE1146E19F55}"
EndProject
Global
	GlobalSection(SolutionConfigurationPlatforms) = preSolution
		Debug|Any CPU = Debug|Any CPU
		Release|Any CPU = Release|Any CPU
	EndGlobalSection
	GlobalSection(ProjectConfigurationPlatforms) = postSolution
		{4DBD6148-8530-4408-9BC7-EE1146E19F55}.Debug|Any CPU.ActiveCfg = Debug|Any CPU
		{4DBD6148-8530-4408-9BC7-EE1146E19F55}.Debug|Any CPU.Build.0 = Debug|Any CPU
		{4DBD6148-8530-4408-9BC7-EE1146E19F55}.Release|Any CPU.ActiveCfg = Release|Any CPU
		{4DBD6148-8530-4408-9BC7-EE1146E19F55}.Release|Any CPU.Build.0 = Release|Any CPU
	EndGlobalSection
	GlobalSection(SolutionProperties) = preSolution
		HideSolutionNode = FALSE
	EndGlobalSection
	GlobalSection(ExtensibilityGlobals) = postSolution
		SolutionGuid = {B2525795-02AC-4DF9-8D20-8570140820D6}
	EndGlobalSection
EndGlobal
